{
  "nodes": {
    "cloud-hypervisor-src": {
      "flake": false,
      "locked": {
        "lastModified": 1763036600,
        "narHash": "sha256-dDiyHGhx0AEHtowH8fiItyxmHR7010VdC9L5r/OwRgU=",
        "owner": "cyberus-technology",
        "repo": "cloud-hypervisor",
        "rev": "d435a5408a10c7ca4ea0012b81745a23a690b626",
        "type": "github"
      },
      "original": {
        "owner": "cyberus-technology",
        "ref": "gardenlinux",
        "repo": "cloud-hypervisor",
        "type": "github"
      }
    },
    "crane": {
      "locked": {
        "lastModified": 1755993354,
        "narHash": "sha256-FCRRAzSaL/+umLIm3RU3O/+fJ2ssaPHseI2SSFL8yZU=",
        "owner": "ipetkov",
        "repo": "crane",
        "rev": "25bd41b24426c7734278c2ff02e53258851db914",
        "type": "github"
      },
      "original": {
        "owner": "ipetkov",
        "ref": "master",
        "repo": "crane",
        "type": "github"
      }
    },
    "dried-nix-flakes": {
      "locked": {
        "lastModified": 1756139350,
        "narHash": "sha256-pObQv94NclXVXjJV8sTiKwFes4fGEWpkNzDsXw5DqnY=",
        "owner": "cyberus-technology",
        "repo": "dried-nix-flakes",
        "rev": "1b2ba62710c6c1d9eba0e8e3adc029cc2e9291a4",
        "type": "github"
      },
      "original": {
        "owner": "cyberus-technology",
        "repo": "dried-nix-flakes",
        "type": "github"
      }
    },
    "edk2-src": {
      "flake": false,
      "locked": {
        "lastModified": 1753177921,
        "narHash": "sha256-NGSNYuIlmktpc6Jux17pdnaXLhIxZxofA47w6s8dasg=",
        "ref": "gardenlinux",
        "rev": "838aba54db575012bea74a683d15d4ee900bbad9",
        "revCount": 34304,
        "submodules": true,
        "type": "git",
        "url": "https://github.com/cyberus-technology/edk2"
      },
      "original": {
        "ref": "gardenlinux",
        "submodules": true,
        "type": "git",
        "url": "https://github.com/cyberus-technology/edk2"
      }
    },
    "keycodemapdb": {
      "flake": false,
      "locked": {
        "lastModified": 1752156361,
        "narHash": "sha256-gfrQPAwgShtgkDWZOkivDO1Aj7UUdaGTitirGy+RA70=",
        "ref": "refs/heads/master",
        "rev": "54788039c0b3486a8883090d6736c2500177af29",
        "revCount": 89,
        "type": "git",
        "url": "https://gitlab.com/keycodemap/keycodemapdb.git"
      },
      "original": {
        "type": "git",
        "url": "https://gitlab.com/keycodemap/keycodemapdb.git"
      }
    },
    "libvirt-src": {
      "flake": false,
      "locked": {
        "lastModified": 1761221828,
        "narHash": "sha256-Y10aOZrFtIxULA2ujZgi2Fgn3zZw7X2aWMmaPXpl83Y=",
        "ref": "gardenlinux",
        "rev": "79e353ab214505b104ed631e396b7152581167ed",
        "revCount": 52367,
        "submodules": true,
        "type": "git",
        "url": "https://github.com/cyberus-technology/libvirt"
      },
      "original": {
        "ref": "gardenlinux",
        "submodules": true,
        "type": "git",
        "url": "https://github.com/cyberus-technology/libvirt"
      }
    },
    "libvirt-tests": {
      "inputs": {
        "cloud-hypervisor-src": [
          "cloud-hypervisor-src"
        ],
        "crane": "crane",
        "dried-nix-flakes": "dried-nix-flakes",
        "edk2-src": "edk2-src",
        "libvirt-src": "libvirt-src",
        "nixpkgs": [
          "nixpkgs"
        ],
        "rust-overlay": "rust-overlay"
      },
      "locked": {
        "lastModified": 1763045203,
        "narHash": "sha256-Og9s5am3AMlAoPW7pi90LHIftUPiMvCRYq19PY2lJuA=",
        "owner": "cyberus-technology",
        "repo": "libvirt-tests",
        "rev": "467a3f85ca419c9833ce28778153f504a71d3989",
        "type": "github"
      },
      "original": {
        "owner": "cyberus-technology",
        "repo": "libvirt-tests",
        "type": "github"
      }
    },
    "nixpkgs": {
      "locked": {
        "lastModified": 1753489912,
        "narHash": "sha256-uDCFHeXdRIgJpYmtcUxGEsZ+hYlLPBhR83fdU+vbC1s=",
        "owner": "nixos",
        "repo": "nixpkgs",
        "rev": "13e8d35b7d6028b7198f8186bc0347c6abaa2701",
        "type": "github"
      },
      "original": {
        "owner": "nixos",
        "ref": "nixos-25.05",
        "repo": "nixpkgs",
        "type": "github"
      }
    },
    "root": {
      "inputs": {
        "cloud-hypervisor-src": "cloud-hypervisor-src",
        "keycodemapdb": "keycodemapdb",
        "libvirt-tests": "libvirt-tests",
        "nixpkgs": "nixpkgs"
      }
    },
    "rust-overlay": {
      "inputs": {
        "nixpkgs": [
          "libvirt-tests",
          "nixpkgs"
        ]
      },
      "locked": {
        "lastModified": 1756348497,
        "narHash": "sha256-xJp3VnoYh4kpsaKFO/7SsGbwOz7pI1ZmjbqpXEuR2cw=",
        "owner": "oxalica",
        "repo": "rust-overlay",
        "rev": "0adf92c70d23fb4f703aea5d3ebb51ac65994f7f",
        "type": "github"
      },
      "original": {
        "owner": "oxalica",
        "repo": "rust-overlay",
        "type": "github"
      }
    }
  },
  "root": "root",
  "version": 7
}
