{
  "nodes": {
    "cloud-hypervisor-src": {
      "flake": false,
      "locked": {
        "lastModified": 1767691830,
        "narHash": "sha256-W815prxSJim1+z2fJ34tM7n2uXHZJfc/kdd50JpxeVY=",
        "owner": "cyberus-technology",
        "repo": "cloud-hypervisor",
        "rev": "451cfb7cd7999646b35faaa3666c90da8d758df6",
        "type": "github"
      },
      "original": {
        "owner": "cyberus-technology",
        "ref": "gardenlinux",
        "repo": "cloud-hypervisor",
        "type": "github"
      }
    },
    "crane": {
      "locked": {
        "lastModified": 1764903584,
        "narHash": "sha256-RSkJtNtx0SEaQiYqsoFoRynwfZLo2OZ9z6rUq1DJR6g=",
        "owner": "ipetkov",
        "repo": "crane",
        "rev": "2b3a5a88d852575758e1eb6ac9ee677fcd633fc1",
        "type": "github"
      },
      "original": {
        "owner": "ipetkov",
        "ref": "master",
        "repo": "crane",
        "type": "github"
      }
    },
    "dried-nix-flakes": {
      "locked": {
        "lastModified": 1756139350,
        "narHash": "sha256-pObQv94NclXVXjJV8sTiKwFes4fGEWpkNzDsXw5DqnY=",
        "owner": "cyberus-technology",
        "repo": "dried-nix-flakes",
        "rev": "1b2ba62710c6c1d9eba0e8e3adc029cc2e9291a4",
        "type": "github"
      },
      "original": {
        "owner": "cyberus-technology",
        "repo": "dried-nix-flakes",
        "type": "github"
      }
    },
    "edk2-src": {
      "flake": false,
      "locked": {
        "lastModified": 1753177921,
        "narHash": "sha256-NGSNYuIlmktpc6Jux17pdnaXLhIxZxofA47w6s8dasg=",
        "ref": "gardenlinux",
        "rev": "838aba54db575012bea74a683d15d4ee900bbad9",
        "revCount": 34304,
        "submodules": true,
        "type": "git",
        "url": "https://github.com/cyberus-technology/edk2"
      },
      "original": {
        "ref": "gardenlinux",
        "submodules": true,
        "type": "git",
        "url": "https://github.com/cyberus-technology/edk2"
      }
    },
    "fcntl-tool": {
      "inputs": {
        "nixpkgs": [
          "libvirt-tests",
          "nixpkgs"
        ]
      },
      "locked": {
        "lastModified": 1764620651,
        "narHash": "sha256-OOoCw8Bo36VGDkSPqYYxY8JSJarI1FTmwK0G47K6KKQ=",
        "owner": "phip1611",
        "repo": "fcntl-tool",
        "rev": "ca5d70e4096eb1ea7d32fac93bd2fd4b9c617345",
        "type": "github"
      },
      "original": {
        "owner": "phip1611",
        "repo": "fcntl-tool",
        "type": "github"
      }
    },
    "keycodemapdb": {
      "flake": false,
      "locked": {
        "lastModified": 1752156361,
        "narHash": "sha256-gfrQPAwgShtgkDWZOkivDO1Aj7UUdaGTitirGy+RA70=",
        "ref": "refs/heads/master",
        "rev": "54788039c0b3486a8883090d6736c2500177af29",
        "revCount": 89,
        "type": "git",
        "url": "https://gitlab.com/keycodemap/keycodemapdb.git"
      },
      "original": {
        "type": "git",
        "url": "https://gitlab.com/keycodemap/keycodemapdb.git"
      }
    },
    "libvirt-src": {
      "flake": false,
      "locked": {
        "lastModified": 1764948266,
        "narHash": "sha256-fhqa7QzUv+sn7OAI+xdT1wPTGl02RnxtSHquQkRqCg0=",
        "ref": "gardenlinux",
        "rev": "b0b849c70fa7eaba4409373531f031be8add5a3d",
        "revCount": 52405,
        "submodules": true,
        "type": "git",
        "url": "https://github.com/cyberus-technology/libvirt"
      },
      "original": {
        "ref": "gardenlinux",
        "submodules": true,
        "type": "git",
        "url": "https://github.com/cyberus-technology/libvirt"
      }
    },
    "libvirt-tests": {
      "inputs": {
        "cloud-hypervisor-src": [
          "cloud-hypervisor-src"
        ],
        "crane": "crane",
        "dried-nix-flakes": "dried-nix-flakes",
        "edk2-src": "edk2-src",
        "fcntl-tool": "fcntl-tool",
        "libvirt-src": "libvirt-src",
        "nixpkgs": [
          "nixpkgs"
        ],
        "rust-overlay": "rust-overlay"
      },
      "locked": {
        "lastModified": 1765211404,
        "narHash": "sha256-WnAieaj6+ztZkFNLw/fG/YhIlvFzhemw47j8UvYaCFE=",
        "owner": "cyberus-technology",
        "repo": "libvirt-tests",
        "rev": "b4aed85cf70ae7e2df098e42c352c3dd62ef9173",
        "type": "github"
      },
      "original": {
        "owner": "cyberus-technology",
        "repo": "libvirt-tests",
        "type": "github"
      }
    },
    "nixpkgs": {
      "locked": {
        "lastModified": 1767480499,
        "narHash": "sha256-8IQQUorUGiSmFaPnLSo2+T+rjHtiNWc+OAzeHck7N48=",
        "owner": "nixos",
        "repo": "nixpkgs",
        "rev": "30a3c519afcf3f99e2c6df3b359aec5692054d92",
        "type": "github"
      },
      "original": {
        "owner": "nixos",
        "ref": "nixos-25.11",
        "repo": "nixpkgs",
        "type": "github"
      }
    },
    "root": {
      "inputs": {
        "cloud-hypervisor-src": "cloud-hypervisor-src",
        "keycodemapdb": "keycodemapdb",
        "libvirt-tests": "libvirt-tests",
        "nixpkgs": "nixpkgs"
      }
    },
    "rust-overlay": {
      "inputs": {
        "nixpkgs": [
          "libvirt-tests",
          "nixpkgs"
        ]
      },
      "locked": {
        "lastModified": 1764902447,
        "narHash": "sha256-wNqkDBj+tjK619sTHPEA7uhjr7DHHEY8OsFou31dxy0=",
        "owner": "oxalica",
        "repo": "rust-overlay",
        "rev": "d914a744a83098eeb28125d2848ad383b209223f",
        "type": "github"
      },
      "original": {
        "owner": "oxalica",
        "repo": "rust-overlay",
        "type": "github"
      }
    }
  },
  "root": "root",
  "version": 7
}
